# THIS IS AN AUTOGENERATED FILE. DO NOT EDIT THIS FILE DIRECTLY.
# yarn lockfile v1


ply@^0.1.0:
  version "0.1.0"
  resolved "https://registry.yarnpkg.com/ply/-/ply-0.1.0.tgz#08c50cf30104e8d29456ede8eec84bca16b02efd"
  integrity sha512-/Vot7EUC/7yzlz4RIng79wpSV2GK4sNQoi3TgI0YZXJFiSLXJ6SSk0O0yJNW6FHY4P9+Iapiq2sL2LaC7nAYmA==
